
Microsoft Visual Studio Solution File, Format Version 12.00
# Visual Studio Version 16
VisualStudioVersion = 16.0.29609.76
MinimumVisualStudioVersion = 10.0.40219.1
Project("{FAE04EC0-301F-11D3-BF4B-00C04F79EFBC}") = "WithLoveApp", "WithLoveApp.csproj", "{DDD68AD8-A4B9-4021-996C-80A2FEDBBC22}"
EndProject
Global
	GlobalSection(SolutionConfigurationPlatforms) = preSolution
		Debug|Any CPU = Debug|Any CPU
		Release|Any CPU = Release|Any CPU
	EndGlobalSection
	GlobalSection(ProjectConfigurationPlatforms) = postSolution
		{DDD68AD8-A4B9-4021-996C-80A2FEDBBC22}.Debug|Any CPU.ActiveCfg = Debug|Any CPU
		{DDD68AD8-A4B9-4021-996C-80A2FEDBBC22}.Debug|Any CPU.Build.0 = Debug|Any CPU
		{DDD68AD8-A4B9-4021-996C-80A2FEDBBC22}.Release|Any CPU.ActiveCfg = Release|Any CPU
		{DDD68AD8-A4B9-4021-996C-80A2FEDBBC22}.Release|Any CPU.Build.0 = Release|Any CPU
	EndGlobalSection
	GlobalSection(SolutionProperties) = preSolution
		HideSolutionNode = FALSE
	EndGlobalSection
	GlobalSection(ExtensibilityGlobals) = postSolution
		SolutionGuid = {98CD947C-57D6-46C4-998B-EB80687B6AA7}
	EndGlobalSection
EndGlobal
